
Microsoft Visual Studio Solution File, Format Version 12.00
# Visual Studio Version 17
VisualStudioVersion = 17.7.34031.279
MinimumVisualStudioVersion = 10.0.40219.1
Project("{FAE04EC0-301F-11D3-BF4B-00C04F79EFBC}") = "SpotifyProject", "SpotifyProject\SpotifyProject.csproj", "{60E469EC-BBDC-4F7C-B614-07E272F73C65}"
EndProject
Global
	GlobalSection(SolutionConfigurationPlatforms) = preSolution
		Debug|Any CPU = Debug|Any CPU
		Release|Any CPU = Release|Any CPU
	EndGlobalSection
	GlobalSection(ProjectConfigurationPlatforms) = postSolution
		{60E469EC-BBDC-4F7C-B614-07E272F73C65}.Debug|Any CPU.ActiveCfg = Debug|Any CPU
		{60E469EC-BBDC-4F7C-B614-07E272F73C65}.Debug|Any CPU.Build.0 = Debug|Any CPU
		{60E469EC-BBDC-4F7C-B614-07E272F73C65}.Release|Any CPU.ActiveCfg = Release|Any CPU
		{60E469EC-BBDC-4F7C-B614-07E272F73C65}.Release|Any CPU.Build.0 = Release|Any CPU
	EndGlobalSection
	GlobalSection(SolutionProperties) = preSolution
		HideSolutionNode = FALSE
	EndGlobalSection
	GlobalSection(ExtensibilityGlobals) = postSolution
		SolutionGuid = {C4DC541B-9501-47BD-B15E-A3586D86CF93}
	EndGlobalSection
EndGlobal
